
Microsoft Visual Studio Solution File, Format Version 12.00
# Visual Studio 15
VisualStudioVersion = 15.0.26124.0
MinimumVisualStudioVersion = 15.0.26124.0
Project("{FAE04EC0-301F-11D3-BF4B-00C04F79EFBC}") = "BellRichM.Weather.Api", "BellRichM.Weather.Api\BellRichM.Weather.Api.csproj", "{A62F0286-C922-449D-8387-8619238BEBCB}"
EndProject
Project("{FAE04EC0-301F-11D3-BF4B-00C04F79EFBC}") = "BellRichM.Weather.Web", "BellRichM.Weather.Web\BellRichM.Weather.Web.csproj", "{EDBF0B4C-9662-4DFB-8C12-251AC3F427F4}"
EndProject
Project("{FAE04EC0-301F-11D3-BF4B-00C04F79EFBC}") = "BellRichM.Identity.Api", "BellRichM.Identity.Api\BellRichM.Identity.Api.csproj", "{023B432A-AEAB-4E2D-8453-3CEC877A468D}"
EndProject
Project("{FAE04EC0-301F-11D3-BF4B-00C04F79EFBC}") = "BellRichM.Attribute", "BellRichM.Attribute\BellRichM.Attribute.csproj", "{D3DB21F8-57B0-472A-B5E6-D060FBE3DA7C}"
EndProject
Global
	GlobalSection(SolutionConfigurationPlatforms) = preSolution
		Debug|Any CPU = Debug|Any CPU
		Debug|x64 = Debug|x64
		Debug|x86 = Debug|x86
		Release|Any CPU = Release|Any CPU
		Release|x64 = Release|x64
		Release|x86 = Release|x86
	EndGlobalSection
	GlobalSection(SolutionProperties) = preSolution
		HideSolutionNode = FALSE
	EndGlobalSection
	GlobalSection(ProjectConfigurationPlatforms) = postSolution
		{A62F0286-C922-449D-8387-8619238BEBCB}.Debug|Any CPU.ActiveCfg = Debug|Any CPU
		{A62F0286-C922-449D-8387-8619238BEBCB}.Debug|Any CPU.Build.0 = Debug|Any CPU
		{A62F0286-C922-449D-8387-8619238BEBCB}.Debug|x64.ActiveCfg = Debug|x64
		{A62F0286-C922-449D-8387-8619238BEBCB}.Debug|x64.Build.0 = Debug|x64
		{A62F0286-C922-449D-8387-8619238BEBCB}.Debug|x86.ActiveCfg = Debug|x86
		{A62F0286-C922-449D-8387-8619238BEBCB}.Debug|x86.Build.0 = Debug|x86
		{A62F0286-C922-449D-8387-8619238BEBCB}.Release|Any CPU.ActiveCfg = Release|Any CPU
		{A62F0286-C922-449D-8387-8619238BEBCB}.Release|Any CPU.Build.0 = Release|Any CPU
		{A62F0286-C922-449D-8387-8619238BEBCB}.Release|x64.ActiveCfg = Release|x64
		{A62F0286-C922-449D-8387-8619238BEBCB}.Release|x64.Build.0 = Release|x64
		{A62F0286-C922-449D-8387-8619238BEBCB}.Release|x86.ActiveCfg = Release|x86
		{A62F0286-C922-449D-8387-8619238BEBCB}.Release|x86.Build.0 = Release|x86
		{EDBF0B4C-9662-4DFB-8C12-251AC3F427F4}.Debug|Any CPU.ActiveCfg = Debug|Any CPU
		{EDBF0B4C-9662-4DFB-8C12-251AC3F427F4}.Debug|Any CPU.Build.0 = Debug|Any CPU
		{EDBF0B4C-9662-4DFB-8C12-251AC3F427F4}.Debug|x64.ActiveCfg = Debug|x64
		{EDBF0B4C-9662-4DFB-8C12-251AC3F427F4}.Debug|x64.Build.0 = Debug|x64
		{EDBF0B4C-9662-4DFB-8C12-251AC3F427F4}.Debug|x86.ActiveCfg = Debug|x86
		{EDBF0B4C-9662-4DFB-8C12-251AC3F427F4}.Debug|x86.Build.0 = Debug|x86
		{EDBF0B4C-9662-4DFB-8C12-251AC3F427F4}.Release|Any CPU.ActiveCfg = Release|Any CPU
		{EDBF0B4C-9662-4DFB-8C12-251AC3F427F4}.Release|Any CPU.Build.0 = Release|Any CPU
		{EDBF0B4C-9662-4DFB-8C12-251AC3F427F4}.Release|x64.ActiveCfg = Release|x64
		{EDBF0B4C-9662-4DFB-8C12-251AC3F427F4}.Release|x64.Build.0 = Release|x64
		{EDBF0B4C-9662-4DFB-8C12-251AC3F427F4}.Release|x86.ActiveCfg = Release|x86
		{EDBF0B4C-9662-4DFB-8C12-251AC3F427F4}.Release|x86.Build.0 = Release|x86
		{023B432A-AEAB-4E2D-8453-3CEC877A468D}.Debug|Any CPU.ActiveCfg = Debug|Any CPU
		{023B432A-AEAB-4E2D-8453-3CEC877A468D}.Debug|Any CPU.Build.0 = Debug|Any CPU
		{023B432A-AEAB-4E2D-8453-3CEC877A468D}.Debug|x64.ActiveCfg = Debug|x64
		{023B432A-AEAB-4E2D-8453-3CEC877A468D}.Debug|x64.Build.0 = Debug|x64
		{023B432A-AEAB-4E2D-8453-3CEC877A468D}.Debug|x86.ActiveCfg = Debug|x86
		{023B432A-AEAB-4E2D-8453-3CEC877A468D}.Debug|x86.Build.0 = Debug|x86
		{023B432A-AEAB-4E2D-8453-3CEC877A468D}.Release|Any CPU.ActiveCfg = Release|Any CPU
		{023B432A-AEAB-4E2D-8453-3CEC877A468D}.Release|Any CPU.Build.0 = Release|Any CPU
		{023B432A-AEAB-4E2D-8453-3CEC877A468D}.Release|x64.ActiveCfg = Release|x64
		{023B432A-AEAB-4E2D-8453-3CEC877A468D}.Release|x64.Build.0 = Release|x64
		{023B432A-AEAB-4E2D-8453-3CEC877A468D}.Release|x86.ActiveCfg = Release|x86
		{023B432A-AEAB-4E2D-8453-3CEC877A468D}.Release|x86.Build.0 = Release|x86
		{D3DB21F8-57B0-472A-B5E6-D060FBE3DA7C}.Debug|Any CPU.ActiveCfg = Debug|Any CPU
		{D3DB21F8-57B0-472A-B5E6-D060FBE3DA7C}.Debug|Any CPU.Build.0 = Debug|Any CPU
		{D3DB21F8-57B0-472A-B5E6-D060FBE3DA7C}.Debug|x64.ActiveCfg = Debug|x64
		{D3DB21F8-57B0-472A-B5E6-D060FBE3DA7C}.Debug|x64.Build.0 = Debug|x64
		{D3DB21F8-57B0-472A-B5E6-D060FBE3DA7C}.Debug|x86.ActiveCfg = Debug|x86
		{D3DB21F8-57B0-472A-B5E6-D060FBE3DA7C}.Debug|x86.Build.0 = Debug|x86
		{D3DB21F8-57B0-472A-B5E6-D060FBE3DA7C}.Release|Any CPU.ActiveCfg = Release|Any CPU
		{D3DB21F8-57B0-472A-B5E6-D060FBE3DA7C}.Release|Any CPU.Build.0 = Release|Any CPU
		{D3DB21F8-57B0-472A-B5E6-D060FBE3DA7C}.Release|x64.ActiveCfg = Release|x64
		{D3DB21F8-57B0-472A-B5E6-D060FBE3DA7C}.Release|x64.Build.0 = Release|x64
		{D3DB21F8-57B0-472A-B5E6-D060FBE3DA7C}.Release|x86.ActiveCfg = Release|x86
		{D3DB21F8-57B0-472A-B5E6-D060FBE3DA7C}.Release|x86.Build.0 = Release|x86
	EndGlobalSection
EndGlobal
